
Microsoft Visual Studio Solution File, Format Version 12.00
# Visual Studio Version 17
VisualStudioVersion = 17.9.34622.214
MinimumVisualStudioVersion = 10.0.40219.1
Project("{9A19103F-16F7-4668-BE54-9A1E7A4F7556}") = "Puya.Net", "Puya.Net\Puya.Net.csproj", "{ECDC1E22-4D1C-4B3A-80BF-08793E77CF48}"
EndProject
Project("{9A19103F-16F7-4668-BE54-9A1E7A4F7556}") = "Puya.Net.Tests", "Puya.Net.Tests\Puya.Net.Tests.csproj", "{B42AC285-F00C-4A26-B01F-DBDD7BC5BDBA}"
EndProject
Project("{FAE04EC0-301F-11D3-BF4B-00C04F79EFBC}") = "Puya.Core", "Puya.Core\Puya.Core.csproj", "{061B5CE9-93B0-4EB8-A8FA-28B0D7D18D52}"
EndProject
Global
	GlobalSection(SolutionConfigurationPlatforms) = preSolution
		Debug|Any CPU = Debug|Any CPU
		Release|Any CPU = Release|Any CPU
	EndGlobalSection
	GlobalSection(ProjectConfigurationPlatforms) = postSolution
		{ECDC1E22-4D1C-4B3A-80BF-08793E77CF48}.Debug|Any CPU.ActiveCfg = Debug|Any CPU
		{ECDC1E22-4D1C-4B3A-80BF-08793E77CF48}.Debug|Any CPU.Build.0 = Debug|Any CPU
		{ECDC1E22-4D1C-4B3A-80BF-08793E77CF48}.Release|Any CPU.ActiveCfg = Release|Any CPU
		{ECDC1E22-4D1C-4B3A-80BF-08793E77CF48}.Release|Any CPU.Build.0 = Release|Any CPU
		{B42AC285-F00C-4A26-B01F-DBDD7BC5BDBA}.Debug|Any CPU.ActiveCfg = Debug|Any CPU
		{B42AC285-F00C-4A26-B01F-DBDD7BC5BDBA}.Debug|Any CPU.Build.0 = Debug|Any CPU
		{B42AC285-F00C-4A26-B01F-DBDD7BC5BDBA}.Release|Any CPU.ActiveCfg = Release|Any CPU
		{B42AC285-F00C-4A26-B01F-DBDD7BC5BDBA}.Release|Any CPU.Build.0 = Release|Any CPU
		{061B5CE9-93B0-4EB8-A8FA-28B0D7D18D52}.Debug|Any CPU.ActiveCfg = Debug|Any CPU
		{061B5CE9-93B0-4EB8-A8FA-28B0D7D18D52}.Debug|Any CPU.Build.0 = Debug|Any CPU
		{061B5CE9-93B0-4EB8-A8FA-28B0D7D18D52}.Release|Any CPU.ActiveCfg = Release|Any CPU
		{061B5CE9-93B0-4EB8-A8FA-28B0D7D18D52}.Release|Any CPU.Build.0 = Release|Any CPU
	EndGlobalSection
	GlobalSection(SolutionProperties) = preSolution
		HideSolutionNode = FALSE
	EndGlobalSection
	GlobalSection(ExtensibilityGlobals) = postSolution
		SolutionGuid = {B4B68D7C-E034-4D18-996E-1D1931C0D349}
	EndGlobalSection
EndGlobal
